
Microsoft Visual Studio Solution File, Format Version 12.00
# Visual Studio 2012
Project("{FAE04EC0-301F-11D3-BF4B-00C04F79EFBC}") = "Cadru.Core", "Cadru.Core\Cadru.Core.csproj", "{8A851D1E-9BD8-4CAF-A341-0ECCAC69E53F}"
EndProject
Project("{FAE04EC0-301F-11D3-BF4B-00C04F79EFBC}") = "Cadru.Core.Windows", "Cadru.Core.Windows\Cadru.Core.Windows.csproj", "{F2554B39-00C0-4553-8736-912C2053B6D2}"
EndProject
Project("{2150E333-8FDC-42A3-9474-1A3956D46DE8}") = "Unit Tests", "Unit Tests", "{C41A993A-E442-4011-8F03-FAC93E87EFBC}"
EndProject
Project("{FAE04EC0-301F-11D3-BF4B-00C04F79EFBC}") = "Cadru.Core.UnitTests", "Cadru.Core.UnitTests\Cadru.Core.UnitTests.csproj", "{0BED0473-C90D-4C16-98D1-14D76D13FB17}"
EndProject
Project("{FAE04EC0-301F-11D3-BF4B-00C04F79EFBC}") = "Cadru.Core.Windows.UnitTests", "Cadru.Core.Windows.UnitTests\Cadru.Core.Windows.UnitTests.csproj", "{4CF19882-32E4-47B9-A6D8-4B7AB653C1B5}"
EndProject
Project("{FAE04EC0-301F-11D3-BF4B-00C04F79EFBC}") = "Cadru.UnitTest.Framework", "Cadru.UnitTest.Framework\Cadru.UnitTest.Framework.csproj", "{233E823A-1925-44D0-A00B-C0B7BD40A306}"
EndProject
Project("{FAE04EC0-301F-11D3-BF4B-00C04F79EFBC}") = "Cadru.UnitTest.Framework.UnitTests", "Cadru.UnitTest.Framework.UnitTests\Cadru.UnitTest.Framework.UnitTests.csproj", "{AA0905EF-55D8-455E-9523-9D7DB42B2B0D}"
EndProject
Project("{7CF6DF6D-3B04-46F8-A40B-537D21BCA0B4}") = "Cadru.Core.Documentation", "Cadru.Core.Documentation\Cadru.Core.Documentation.shfbproj", "{E6541290-4A07-4F81-B13F-20AC30D71E59}"
EndProject
Project("{2150E333-8FDC-42A3-9474-1A3956D46DE8}") = "Documentation", "Documentation", "{0183DA92-D49F-40CF-8AF1-3116530A9C64}"
EndProject
Project("{7CF6DF6D-3B04-46F8-A40B-537D21BCA0B4}") = "Cadru.Core.Windows.Documentation", "Cadru.Core.Windows.Documentation\Cadru.Core.Windows.Documentation.shfbproj", "{AB5527B7-7B06-4B34-AC32-DB7DB901C189}"
EndProject
Project("{7CF6DF6D-3B04-46F8-A40B-537D21BCA0B4}") = "Cadru.UnitTest.Framework.Documentation", "Cadru.UnitTest.Framework.Documentation\Cadru.UnitTest.Framework.Documentation.shfbproj", "{C55E58B7-9029-4B3A-BD2F-D5B737DABDD9}"
EndProject
Global
	GlobalSection(SolutionConfigurationPlatforms) = preSolution
		Debug|Any CPU = Debug|Any CPU
		Release|Any CPU = Release|Any CPU
	EndGlobalSection
	GlobalSection(ProjectConfigurationPlatforms) = postSolution
		{8A851D1E-9BD8-4CAF-A341-0ECCAC69E53F}.Debug|Any CPU.ActiveCfg = Debug|Any CPU
		{8A851D1E-9BD8-4CAF-A341-0ECCAC69E53F}.Debug|Any CPU.Build.0 = Debug|Any CPU
		{8A851D1E-9BD8-4CAF-A341-0ECCAC69E53F}.Release|Any CPU.ActiveCfg = Release|Any CPU
		{8A851D1E-9BD8-4CAF-A341-0ECCAC69E53F}.Release|Any CPU.Build.0 = Release|Any CPU
		{F2554B39-00C0-4553-8736-912C2053B6D2}.Debug|Any CPU.ActiveCfg = Debug|Any CPU
		{F2554B39-00C0-4553-8736-912C2053B6D2}.Debug|Any CPU.Build.0 = Debug|Any CPU
		{F2554B39-00C0-4553-8736-912C2053B6D2}.Release|Any CPU.ActiveCfg = Release|Any CPU
		{F2554B39-00C0-4553-8736-912C2053B6D2}.Release|Any CPU.Build.0 = Release|Any CPU
		{0BED0473-C90D-4C16-98D1-14D76D13FB17}.Debug|Any CPU.ActiveCfg = Debug|Any CPU
		{0BED0473-C90D-4C16-98D1-14D76D13FB17}.Debug|Any CPU.Build.0 = Debug|Any CPU
		{0BED0473-C90D-4C16-98D1-14D76D13FB17}.Release|Any CPU.ActiveCfg = Release|Any CPU
		{0BED0473-C90D-4C16-98D1-14D76D13FB17}.Release|Any CPU.Build.0 = Release|Any CPU
		{4CF19882-32E4-47B9-A6D8-4B7AB653C1B5}.Debug|Any CPU.ActiveCfg = Debug|Any CPU
		{4CF19882-32E4-47B9-A6D8-4B7AB653C1B5}.Debug|Any CPU.Build.0 = Debug|Any CPU
		{4CF19882-32E4-47B9-A6D8-4B7AB653C1B5}.Release|Any CPU.ActiveCfg = Release|Any CPU
		{4CF19882-32E4-47B9-A6D8-4B7AB653C1B5}.Release|Any CPU.Build.0 = Release|Any CPU
		{233E823A-1925-44D0-A00B-C0B7BD40A306}.Debug|Any CPU.ActiveCfg = Debug|Any CPU
		{233E823A-1925-44D0-A00B-C0B7BD40A306}.Debug|Any CPU.Build.0 = Debug|Any CPU
		{233E823A-1925-44D0-A00B-C0B7BD40A306}.Release|Any CPU.ActiveCfg = Release|Any CPU
		{233E823A-1925-44D0-A00B-C0B7BD40A306}.Release|Any CPU.Build.0 = Release|Any CPU
		{AA0905EF-55D8-455E-9523-9D7DB42B2B0D}.Debug|Any CPU.ActiveCfg = Debug|Any CPU
		{AA0905EF-55D8-455E-9523-9D7DB42B2B0D}.Debug|Any CPU.Build.0 = Debug|Any CPU
		{AA0905EF-55D8-455E-9523-9D7DB42B2B0D}.Release|Any CPU.ActiveCfg = Release|Any CPU
		{AA0905EF-55D8-455E-9523-9D7DB42B2B0D}.Release|Any CPU.Build.0 = Release|Any CPU
		{E6541290-4A07-4F81-B13F-20AC30D71E59}.Debug|Any CPU.ActiveCfg = Debug|Any CPU
		{E6541290-4A07-4F81-B13F-20AC30D71E59}.Debug|Any CPU.Build.0 = Debug|Any CPU
		{E6541290-4A07-4F81-B13F-20AC30D71E59}.Release|Any CPU.ActiveCfg = Release|Any CPU
		{E6541290-4A07-4F81-B13F-20AC30D71E59}.Release|Any CPU.Build.0 = Release|Any CPU
		{AB5527B7-7B06-4B34-AC32-DB7DB901C189}.Debug|Any CPU.ActiveCfg = Debug|Any CPU
		{AB5527B7-7B06-4B34-AC32-DB7DB901C189}.Debug|Any CPU.Build.0 = Debug|Any CPU
		{AB5527B7-7B06-4B34-AC32-DB7DB901C189}.Release|Any CPU.ActiveCfg = Release|Any CPU
		{AB5527B7-7B06-4B34-AC32-DB7DB901C189}.Release|Any CPU.Build.0 = Release|Any CPU
		{C55E58B7-9029-4B3A-BD2F-D5B737DABDD9}.Debug|Any CPU.ActiveCfg = Debug|Any CPU
		{C55E58B7-9029-4B3A-BD2F-D5B737DABDD9}.Debug|Any CPU.Build.0 = Debug|Any CPU
		{C55E58B7-9029-4B3A-BD2F-D5B737DABDD9}.Release|Any CPU.ActiveCfg = Release|Any CPU
		{C55E58B7-9029-4B3A-BD2F-D5B737DABDD9}.Release|Any CPU.Build.0 = Release|Any CPU
	EndGlobalSection
	GlobalSection(SolutionProperties) = preSolution
		HideSolutionNode = FALSE
	EndGlobalSection
	GlobalSection(NestedProjects) = preSolution
		{0BED0473-C90D-4C16-98D1-14D76D13FB17} = {C41A993A-E442-4011-8F03-FAC93E87EFBC}
		{4CF19882-32E4-47B9-A6D8-4B7AB653C1B5} = {C41A993A-E442-4011-8F03-FAC93E87EFBC}
		{AA0905EF-55D8-455E-9523-9D7DB42B2B0D} = {C41A993A-E442-4011-8F03-FAC93E87EFBC}
		{E6541290-4A07-4F81-B13F-20AC30D71E59} = {0183DA92-D49F-40CF-8AF1-3116530A9C64}
		{AB5527B7-7B06-4B34-AC32-DB7DB901C189} = {0183DA92-D49F-40CF-8AF1-3116530A9C64}
		{C55E58B7-9029-4B3A-BD2F-D5B737DABDD9} = {0183DA92-D49F-40CF-8AF1-3116530A9C64}
	EndGlobalSection
EndGlobal
