
Microsoft Visual Studio Solution File, Format Version 12.00
# Visual Studio Version 17
VisualStudioVersion = 17.0.31912.275
MinimumVisualStudioVersion = 10.0.40219.1
Project("{2150E333-8FDC-42A3-9474-1A3956D46DE8}") = "Tests", "Tests", "{C5C88748-C3A2-4546-8FFB-B475ACBD1A71}"
EndProject
Project("{2150E333-8FDC-42A3-9474-1A3956D46DE8}") = "Solution Items", "Solution Items", "{B82E15F1-6387-4A0C-9146-7E0F304F4AE7}"
	ProjectSection(SolutionItems) = preProject
		.editorconfig = .editorconfig
		appveyor.yml = appveyor.yml
		Cadru.licenseheader = Cadru.licenseheader
		build\sourcelink.props = build\sourcelink.props
		version.props = version.props
	EndProjectSection
EndProject
Project("{9A19103F-16F7-4668-BE54-9A1E7A4F7556}") = "Cadru.Core", "src\Cadru.Core\Cadru.Core.csproj", "{1DD42DA1-18DF-4F5C-AAC7-6A413DBC51EB}"
EndProject
Project("{9A19103F-16F7-4668-BE54-9A1E7A4F7556}") = "Cadru.Collections", "src\Cadru.Collections\Cadru.Collections.csproj", "{36348068-2746-4137-ADF3-8091F680C8F6}"
EndProject
Project("{9A19103F-16F7-4668-BE54-9A1E7A4F7556}") = "Cadru.Data.Dapper", "src\Cadru.Data.Dapper\Cadru.Data.Dapper.csproj", "{B1DAB83B-065C-4E67-8611-8876178F63BB}"
EndProject
Project("{9A19103F-16F7-4668-BE54-9A1E7A4F7556}") = "Cadru.AspNetCore", "src\Cadru.AspNetCore\Cadru.AspNetCore.csproj", "{0A0A9408-7745-4F3B-9E78-5CD3A4951591}"
EndProject
Project("{9A19103F-16F7-4668-BE54-9A1E7A4F7556}") = "Cadru.Net.Http", "src\Cadru.Net.Http\Cadru.Net.Http.csproj", "{70550251-695D-4045-84E5-4ECB7C548B63}"
EndProject
Project("{9A19103F-16F7-4668-BE54-9A1E7A4F7556}") = "Cadru.Net.NetworkInformation", "src\Cadru.Net.NetworkInformation\Cadru.Net.NetworkInformation.csproj", "{14B3A2A6-26D8-4166-9913-7C958CDBECB7}"
EndProject
Project("{9A19103F-16F7-4668-BE54-9A1E7A4F7556}") = "Cadru.IO", "src\Cadru.IO\Cadru.IO.csproj", "{A719442C-077C-4151-B158-55BC298BDDB3}"
EndProject
Project("{9A19103F-16F7-4668-BE54-9A1E7A4F7556}") = "Cadru.UnitTest.Framework", "src\Cadru.UnitTest.Framework\Cadru.UnitTest.Framework.csproj", "{B408912A-A6FE-4E76-BF2A-FBF9C012D283}"
EndProject
Project("{9A19103F-16F7-4668-BE54-9A1E7A4F7556}") = "Cadru.IO.Tests", "tests\Cadru.IO.Tests\Cadru.IO.Tests.csproj", "{AE570C0B-34F5-4585-9377-5D46DF4EDECC}"
EndProject
Project("{9A19103F-16F7-4668-BE54-9A1E7A4F7556}") = "Cadru.Net.Tests", "tests\Cadru.Net.Tests\Cadru.Net.Tests.csproj", "{87DDB23C-F28C-4C4D-B87E-4EAE4AAA7F42}"
EndProject
Project("{9A19103F-16F7-4668-BE54-9A1E7A4F7556}") = "Cadru.Net.NetworkInformation.Tests", "tests\Cadru.Net.NetworkInformation.Tests\Cadru.Net.NetworkInformation.Tests.csproj", "{D65EA883-6347-498A-8DEB-E60EB6187A74}"
EndProject
Project("{9A19103F-16F7-4668-BE54-9A1E7A4F7556}") = "Cadru.Core.Tests", "tests\Cadru.Core.Tests\Cadru.Core.Tests.csproj", "{51A7DC24-BA12-47BD-970D-63B86F470F48}"
EndProject
Project("{9A19103F-16F7-4668-BE54-9A1E7A4F7556}") = "Cadru.Collections.Tests", "tests\Cadru.Collections.Tests\Cadru.Collections.Tests.csproj", "{E6B0B7D9-C152-4720-9FD2-2F0192FB572B}"
EndProject
Project("{9A19103F-16F7-4668-BE54-9A1E7A4F7556}") = "Cadru.UnitTest.Framework.Tests", "tests\Cadru.UnitTest.Framework.Tests\Cadru.UnitTest.Framework.Tests.csproj", "{5FDEAEA5-D601-4EB1-BADA-158D373E234B}"
EndProject
Project("{9A19103F-16F7-4668-BE54-9A1E7A4F7556}") = "Cadru.Postal", "src\Cadru.Postal\Cadru.Postal.csproj", "{0B22CF31-4EAA-4A26-87D5-D998A8124169}"
EndProject
Project("{9A19103F-16F7-4668-BE54-9A1E7A4F7556}") = "Cadru.Data", "src\Cadru.Data\Cadru.Data.csproj", "{D38702BC-7A8F-41F8-BF3E-9DD7E9A73C5E}"
EndProject
Project("{9A19103F-16F7-4668-BE54-9A1E7A4F7556}") = "Cadru.Data.Annotations", "src\Cadru.Data.Annotations\Cadru.Data.Annotations.csproj", "{6A9BDE49-DC9D-4740-AAE1-98BAAC712490}"
EndProject
Project("{9A19103F-16F7-4668-BE54-9A1E7A4F7556}") = "Cadru.Environment", "src\Cadru.Environment\Cadru.Environment.csproj", "{BC877570-9B31-41CB-9822-7B0C3BF77596}"
EndProject
Project("{9A19103F-16F7-4668-BE54-9A1E7A4F7556}") = "Cadru.Environment.Tests", "tests\Cadru.Environment.Tests\Cadru.Environment.Tests.csproj", "{4CF19882-32E4-47B9-A6D8-4B7AB653C1B5}"
EndProject
Project("{9A19103F-16F7-4668-BE54-9A1E7A4F7556}") = "Cadru.Data.Tests", "tests\Cadru.Data.Tests\Cadru.Data.Tests.csproj", "{084421E4-2EA7-4F35-98E2-50228D391237}"
EndProject
Project("{9A19103F-16F7-4668-BE54-9A1E7A4F7556}") = "Cadru.Data.Dapper.Tests", "tests\Cadru.Data.Dapper.Tests\Cadru.Data.Dapper.Tests.csproj", "{FC656CF9-8A47-441B-9E78-873F52010B2C}"
EndProject
Project("{9A19103F-16F7-4668-BE54-9A1E7A4F7556}") = "Cadru.Data.Annotations.Tests", "tests\Cadru.Data.Annotations.Tests\Cadru.Data.Annotations.Tests.csproj", "{D39723A8-967F-4526-BFA8-8BDBA9E1E03B}"
EndProject
Project("{9A19103F-16F7-4668-BE54-9A1E7A4F7556}") = "Cadru.Build.Tasks", "src\Cadru.Build.Tasks\Cadru.Build.Tasks.csproj", "{84B67D70-396E-4236-B1FB-E396DADE0124}"
EndProject
Project("{9A19103F-16F7-4668-BE54-9A1E7A4F7556}") = "Cadru.AspNetCore.Mvc", "src\Cadru.AspNetCore.Mvc\Cadru.AspNetCore.Mvc.csproj", "{C832464B-E419-4A1B-A423-F77307B04D48}"
EndProject
Project("{9A19103F-16F7-4668-BE54-9A1E7A4F7556}") = "Cadru.Caching", "src\Cadru.Caching\Cadru.Caching.csproj", "{F78A10E8-9C09-4580-B9E7-B8BB9844CCAC}"
EndProject
Project("{9A19103F-16F7-4668-BE54-9A1E7A4F7556}") = "Cadru.Scim", "src\Cadru.Scim\Cadru.Scim.csproj", "{FEAB8DFA-828E-4F7E-AE7E-F15AA0F282F5}"
EndProject
Project("{9A19103F-16F7-4668-BE54-9A1E7A4F7556}") = "Cadru.Extensions.FileProviders", "src\Cadru.Extensions.FileProviders\Cadru.Extensions.FileProviders.csproj", "{DCB670D0-C10F-4F2A-A6D3-1DD9024F0218}"
EndProject
Project("{9A19103F-16F7-4668-BE54-9A1E7A4F7556}") = "Cadru.Polly", "src\Cadru.Polly\Cadru.Polly.csproj", "{8674F19C-F45E-46F9-98BB-6EF256A7C2C8}"
EndProject
Project("{9A19103F-16F7-4668-BE54-9A1E7A4F7556}") = "Cadru.AspNetCore.Mvc.TagHelpers", "src\Cadru.AspNetCore.Mvc.TagHelpers\Cadru.AspNetCore.Mvc.TagHelpers.csproj", "{FD88B091-9CC4-4B63-A04A-4E47ECEB6B31}"
EndProject
Project("{9A19103F-16F7-4668-BE54-9A1E7A4F7556}") = "Cadru.Extensions.FileProviders.Tests", "tests\Cadru.Extensions.FileProviders.Tests\Cadru.Extensions.FileProviders.Tests.csproj", "{75623B4F-F838-41E5-8A5C-21FCBA9503DE}"
EndProject
Project("{9A19103F-16F7-4668-BE54-9A1E7A4F7556}") = "Cadru.Polly.Tests", "tests\Cadru.Polly.Tests\Cadru.Polly.Tests.csproj", "{7E85B419-460B-45AA-8E8D-DEC960EBBC4C}"
EndProject
Project("{9A19103F-16F7-4668-BE54-9A1E7A4F7556}") = "Cadru.ApiClient", "src\Cadru.ApiClient\Cadru.ApiClient.csproj", "{4CB47B27-3375-4E0F-80D9-9F1297A2DC5F}"
EndProject
Project("{9A19103F-16F7-4668-BE54-9A1E7A4F7556}") = "Cadru.Json", "src\Cadru.Json\Cadru.Json.csproj", "{DA650A92-5169-4AD1-B2E7-FDF549D79E9D}"
EndProject
Project("{9A19103F-16F7-4668-BE54-9A1E7A4F7556}") = "Cadru.ApiClient.Tests", "tests\Cadru.ApiClient.Tests\Cadru.ApiClient.Tests.csproj", "{A397FA8D-9FB1-47EC-AF15-A2E489D10B19}"
EndProject
Project("{9A19103F-16F7-4668-BE54-9A1E7A4F7556}") = "Cadru.StronglyTypedId", "src\Cadru.StronglyTypedId\Cadru.StronglyTypedId.csproj", "{B9654B95-249B-4B6C-AB9E-5408E127888A}"
EndProject
Project("{9A19103F-16F7-4668-BE54-9A1E7A4F7556}") = "Cadru.StronglyTypedId.Tests", "tests\Cadru.StronglyTypedId.Tests\Cadru.StronglyTypedId.Tests.csproj", "{0975A8A4-9BAD-49D3-9EED-0E11E1C98513}"
EndProject
Global
	GlobalSection(SolutionConfigurationPlatforms) = preSolution
		Debug|Any CPU = Debug|Any CPU
		Release|Any CPU = Release|Any CPU
	EndGlobalSection
	GlobalSection(ProjectConfigurationPlatforms) = postSolution
		{1DD42DA1-18DF-4F5C-AAC7-6A413DBC51EB}.Debug|Any CPU.ActiveCfg = Debug|Any CPU
		{1DD42DA1-18DF-4F5C-AAC7-6A413DBC51EB}.Debug|Any CPU.Build.0 = Debug|Any CPU
		{1DD42DA1-18DF-4F5C-AAC7-6A413DBC51EB}.Release|Any CPU.ActiveCfg = Release|Any CPU
		{1DD42DA1-18DF-4F5C-AAC7-6A413DBC51EB}.Release|Any CPU.Build.0 = Release|Any CPU
		{36348068-2746-4137-ADF3-8091F680C8F6}.Debug|Any CPU.ActiveCfg = Debug|Any CPU
		{36348068-2746-4137-ADF3-8091F680C8F6}.Debug|Any CPU.Build.0 = Debug|Any CPU
		{36348068-2746-4137-ADF3-8091F680C8F6}.Release|Any CPU.ActiveCfg = Release|Any CPU
		{36348068-2746-4137-ADF3-8091F680C8F6}.Release|Any CPU.Build.0 = Release|Any CPU
		{B1DAB83B-065C-4E67-8611-8876178F63BB}.Debug|Any CPU.ActiveCfg = Debug|Any CPU
		{B1DAB83B-065C-4E67-8611-8876178F63BB}.Debug|Any CPU.Build.0 = Debug|Any CPU
		{B1DAB83B-065C-4E67-8611-8876178F63BB}.Release|Any CPU.ActiveCfg = Release|Any CPU
		{B1DAB83B-065C-4E67-8611-8876178F63BB}.Release|Any CPU.Build.0 = Release|Any CPU
		{0A0A9408-7745-4F3B-9E78-5CD3A4951591}.Debug|Any CPU.ActiveCfg = Debug|Any CPU
		{0A0A9408-7745-4F3B-9E78-5CD3A4951591}.Debug|Any CPU.Build.0 = Debug|Any CPU
		{0A0A9408-7745-4F3B-9E78-5CD3A4951591}.Release|Any CPU.ActiveCfg = Release|Any CPU
		{0A0A9408-7745-4F3B-9E78-5CD3A4951591}.Release|Any CPU.Build.0 = Release|Any CPU
		{70550251-695D-4045-84E5-4ECB7C548B63}.Debug|Any CPU.ActiveCfg = Debug|Any CPU
		{70550251-695D-4045-84E5-4ECB7C548B63}.Debug|Any CPU.Build.0 = Debug|Any CPU
		{70550251-695D-4045-84E5-4ECB7C548B63}.Release|Any CPU.ActiveCfg = Release|Any CPU
		{70550251-695D-4045-84E5-4ECB7C548B63}.Release|Any CPU.Build.0 = Release|Any CPU
		{14B3A2A6-26D8-4166-9913-7C958CDBECB7}.Debug|Any CPU.ActiveCfg = Debug|Any CPU
		{14B3A2A6-26D8-4166-9913-7C958CDBECB7}.Debug|Any CPU.Build.0 = Debug|Any CPU
		{14B3A2A6-26D8-4166-9913-7C958CDBECB7}.Release|Any CPU.ActiveCfg = Release|Any CPU
		{14B3A2A6-26D8-4166-9913-7C958CDBECB7}.Release|Any CPU.Build.0 = Release|Any CPU
		{A719442C-077C-4151-B158-55BC298BDDB3}.Debug|Any CPU.ActiveCfg = Debug|Any CPU
		{A719442C-077C-4151-B158-55BC298BDDB3}.Debug|Any CPU.Build.0 = Debug|Any CPU
		{A719442C-077C-4151-B158-55BC298BDDB3}.Release|Any CPU.ActiveCfg = Release|Any CPU
		{A719442C-077C-4151-B158-55BC298BDDB3}.Release|Any CPU.Build.0 = Release|Any CPU
		{B408912A-A6FE-4E76-BF2A-FBF9C012D283}.Debug|Any CPU.ActiveCfg = Debug|Any CPU
		{B408912A-A6FE-4E76-BF2A-FBF9C012D283}.Debug|Any CPU.Build.0 = Debug|Any CPU
		{B408912A-A6FE-4E76-BF2A-FBF9C012D283}.Release|Any CPU.ActiveCfg = Release|Any CPU
		{B408912A-A6FE-4E76-BF2A-FBF9C012D283}.Release|Any CPU.Build.0 = Release|Any CPU
		{AE570C0B-34F5-4585-9377-5D46DF4EDECC}.Debug|Any CPU.ActiveCfg = Debug|Any CPU
		{AE570C0B-34F5-4585-9377-5D46DF4EDECC}.Debug|Any CPU.Build.0 = Debug|Any CPU
		{AE570C0B-34F5-4585-9377-5D46DF4EDECC}.Release|Any CPU.ActiveCfg = Release|Any CPU
		{AE570C0B-34F5-4585-9377-5D46DF4EDECC}.Release|Any CPU.Build.0 = Release|Any CPU
		{87DDB23C-F28C-4C4D-B87E-4EAE4AAA7F42}.Debug|Any CPU.ActiveCfg = Debug|Any CPU
		{87DDB23C-F28C-4C4D-B87E-4EAE4AAA7F42}.Debug|Any CPU.Build.0 = Debug|Any CPU
		{87DDB23C-F28C-4C4D-B87E-4EAE4AAA7F42}.Release|Any CPU.ActiveCfg = Release|Any CPU
		{87DDB23C-F28C-4C4D-B87E-4EAE4AAA7F42}.Release|Any CPU.Build.0 = Release|Any CPU
		{D65EA883-6347-498A-8DEB-E60EB6187A74}.Debug|Any CPU.ActiveCfg = Debug|Any CPU
		{D65EA883-6347-498A-8DEB-E60EB6187A74}.Debug|Any CPU.Build.0 = Debug|Any CPU
		{D65EA883-6347-498A-8DEB-E60EB6187A74}.Release|Any CPU.ActiveCfg = Release|Any CPU
		{D65EA883-6347-498A-8DEB-E60EB6187A74}.Release|Any CPU.Build.0 = Release|Any CPU
		{51A7DC24-BA12-47BD-970D-63B86F470F48}.Debug|Any CPU.ActiveCfg = Debug|Any CPU
		{51A7DC24-BA12-47BD-970D-63B86F470F48}.Debug|Any CPU.Build.0 = Debug|Any CPU
		{51A7DC24-BA12-47BD-970D-63B86F470F48}.Release|Any CPU.ActiveCfg = Release|Any CPU
		{51A7DC24-BA12-47BD-970D-63B86F470F48}.Release|Any CPU.Build.0 = Release|Any CPU
		{E6B0B7D9-C152-4720-9FD2-2F0192FB572B}.Debug|Any CPU.ActiveCfg = Debug|Any CPU
		{E6B0B7D9-C152-4720-9FD2-2F0192FB572B}.Debug|Any CPU.Build.0 = Debug|Any CPU
		{E6B0B7D9-C152-4720-9FD2-2F0192FB572B}.Release|Any CPU.ActiveCfg = Release|Any CPU
		{E6B0B7D9-C152-4720-9FD2-2F0192FB572B}.Release|Any CPU.Build.0 = Release|Any CPU
		{5FDEAEA5-D601-4EB1-BADA-158D373E234B}.Debug|Any CPU.ActiveCfg = Debug|Any CPU
		{5FDEAEA5-D601-4EB1-BADA-158D373E234B}.Debug|Any CPU.Build.0 = Debug|Any CPU
		{5FDEAEA5-D601-4EB1-BADA-158D373E234B}.Release|Any CPU.ActiveCfg = Release|Any CPU
		{5FDEAEA5-D601-4EB1-BADA-158D373E234B}.Release|Any CPU.Build.0 = Release|Any CPU
		{0B22CF31-4EAA-4A26-87D5-D998A8124169}.Debug|Any CPU.ActiveCfg = Debug|Any CPU
		{0B22CF31-4EAA-4A26-87D5-D998A8124169}.Release|Any CPU.ActiveCfg = Release|Any CPU
		{0B22CF31-4EAA-4A26-87D5-D998A8124169}.Release|Any CPU.Build.0 = Release|Any CPU
		{D38702BC-7A8F-41F8-BF3E-9DD7E9A73C5E}.Debug|Any CPU.ActiveCfg = Debug|Any CPU
		{D38702BC-7A8F-41F8-BF3E-9DD7E9A73C5E}.Debug|Any CPU.Build.0 = Debug|Any CPU
		{D38702BC-7A8F-41F8-BF3E-9DD7E9A73C5E}.Release|Any CPU.ActiveCfg = Release|Any CPU
		{D38702BC-7A8F-41F8-BF3E-9DD7E9A73C5E}.Release|Any CPU.Build.0 = Release|Any CPU
		{6A9BDE49-DC9D-4740-AAE1-98BAAC712490}.Debug|Any CPU.ActiveCfg = Debug|Any CPU
		{6A9BDE49-DC9D-4740-AAE1-98BAAC712490}.Debug|Any CPU.Build.0 = Debug|Any CPU
		{6A9BDE49-DC9D-4740-AAE1-98BAAC712490}.Release|Any CPU.ActiveCfg = Release|Any CPU
		{6A9BDE49-DC9D-4740-AAE1-98BAAC712490}.Release|Any CPU.Build.0 = Release|Any CPU
		{BC877570-9B31-41CB-9822-7B0C3BF77596}.Debug|Any CPU.ActiveCfg = Debug|Any CPU
		{BC877570-9B31-41CB-9822-7B0C3BF77596}.Debug|Any CPU.Build.0 = Debug|Any CPU
		{BC877570-9B31-41CB-9822-7B0C3BF77596}.Release|Any CPU.ActiveCfg = Release|Any CPU
		{BC877570-9B31-41CB-9822-7B0C3BF77596}.Release|Any CPU.Build.0 = Release|Any CPU
		{4CF19882-32E4-47B9-A6D8-4B7AB653C1B5}.Debug|Any CPU.ActiveCfg = Debug|Any CPU
		{4CF19882-32E4-47B9-A6D8-4B7AB653C1B5}.Debug|Any CPU.Build.0 = Debug|Any CPU
		{4CF19882-32E4-47B9-A6D8-4B7AB653C1B5}.Release|Any CPU.ActiveCfg = Release|Any CPU
		{4CF19882-32E4-47B9-A6D8-4B7AB653C1B5}.Release|Any CPU.Build.0 = Release|Any CPU
		{084421E4-2EA7-4F35-98E2-50228D391237}.Debug|Any CPU.ActiveCfg = Debug|Any CPU
		{084421E4-2EA7-4F35-98E2-50228D391237}.Debug|Any CPU.Build.0 = Debug|Any CPU
		{084421E4-2EA7-4F35-98E2-50228D391237}.Release|Any CPU.ActiveCfg = Release|Any CPU
		{084421E4-2EA7-4F35-98E2-50228D391237}.Release|Any CPU.Build.0 = Release|Any CPU
		{FC656CF9-8A47-441B-9E78-873F52010B2C}.Debug|Any CPU.ActiveCfg = Debug|Any CPU
		{FC656CF9-8A47-441B-9E78-873F52010B2C}.Debug|Any CPU.Build.0 = Debug|Any CPU
		{FC656CF9-8A47-441B-9E78-873F52010B2C}.Release|Any CPU.ActiveCfg = Release|Any CPU
		{FC656CF9-8A47-441B-9E78-873F52010B2C}.Release|Any CPU.Build.0 = Release|Any CPU
		{D39723A8-967F-4526-BFA8-8BDBA9E1E03B}.Debug|Any CPU.ActiveCfg = Debug|Any CPU
		{D39723A8-967F-4526-BFA8-8BDBA9E1E03B}.Debug|Any CPU.Build.0 = Debug|Any CPU
		{D39723A8-967F-4526-BFA8-8BDBA9E1E03B}.Release|Any CPU.ActiveCfg = Release|Any CPU
		{D39723A8-967F-4526-BFA8-8BDBA9E1E03B}.Release|Any CPU.Build.0 = Release|Any CPU
		{84B67D70-396E-4236-B1FB-E396DADE0124}.Debug|Any CPU.ActiveCfg = Debug|Any CPU
		{84B67D70-396E-4236-B1FB-E396DADE0124}.Debug|Any CPU.Build.0 = Debug|Any CPU
		{84B67D70-396E-4236-B1FB-E396DADE0124}.Release|Any CPU.ActiveCfg = Release|Any CPU
		{84B67D70-396E-4236-B1FB-E396DADE0124}.Release|Any CPU.Build.0 = Release|Any CPU
		{C832464B-E419-4A1B-A423-F77307B04D48}.Debug|Any CPU.ActiveCfg = Debug|Any CPU
		{C832464B-E419-4A1B-A423-F77307B04D48}.Debug|Any CPU.Build.0 = Debug|Any CPU
		{C832464B-E419-4A1B-A423-F77307B04D48}.Release|Any CPU.ActiveCfg = Release|Any CPU
		{C832464B-E419-4A1B-A423-F77307B04D48}.Release|Any CPU.Build.0 = Release|Any CPU
		{F78A10E8-9C09-4580-B9E7-B8BB9844CCAC}.Debug|Any CPU.ActiveCfg = Debug|Any CPU
		{F78A10E8-9C09-4580-B9E7-B8BB9844CCAC}.Debug|Any CPU.Build.0 = Debug|Any CPU
		{F78A10E8-9C09-4580-B9E7-B8BB9844CCAC}.Release|Any CPU.ActiveCfg = Release|Any CPU
		{F78A10E8-9C09-4580-B9E7-B8BB9844CCAC}.Release|Any CPU.Build.0 = Release|Any CPU
		{FEAB8DFA-828E-4F7E-AE7E-F15AA0F282F5}.Debug|Any CPU.ActiveCfg = Debug|Any CPU
		{FEAB8DFA-828E-4F7E-AE7E-F15AA0F282F5}.Debug|Any CPU.Build.0 = Debug|Any CPU
		{FEAB8DFA-828E-4F7E-AE7E-F15AA0F282F5}.Release|Any CPU.ActiveCfg = Release|Any CPU
		{FEAB8DFA-828E-4F7E-AE7E-F15AA0F282F5}.Release|Any CPU.Build.0 = Release|Any CPU
		{DCB670D0-C10F-4F2A-A6D3-1DD9024F0218}.Debug|Any CPU.ActiveCfg = Debug|Any CPU
		{DCB670D0-C10F-4F2A-A6D3-1DD9024F0218}.Debug|Any CPU.Build.0 = Debug|Any CPU
		{DCB670D0-C10F-4F2A-A6D3-1DD9024F0218}.Release|Any CPU.ActiveCfg = Release|Any CPU
		{DCB670D0-C10F-4F2A-A6D3-1DD9024F0218}.Release|Any CPU.Build.0 = Release|Any CPU
		{8674F19C-F45E-46F9-98BB-6EF256A7C2C8}.Debug|Any CPU.ActiveCfg = Debug|Any CPU
		{8674F19C-F45E-46F9-98BB-6EF256A7C2C8}.Debug|Any CPU.Build.0 = Debug|Any CPU
		{8674F19C-F45E-46F9-98BB-6EF256A7C2C8}.Release|Any CPU.ActiveCfg = Release|Any CPU
		{8674F19C-F45E-46F9-98BB-6EF256A7C2C8}.Release|Any CPU.Build.0 = Release|Any CPU
		{FD88B091-9CC4-4B63-A04A-4E47ECEB6B31}.Debug|Any CPU.ActiveCfg = Debug|Any CPU
		{FD88B091-9CC4-4B63-A04A-4E47ECEB6B31}.Debug|Any CPU.Build.0 = Debug|Any CPU
		{FD88B091-9CC4-4B63-A04A-4E47ECEB6B31}.Release|Any CPU.ActiveCfg = Release|Any CPU
		{FD88B091-9CC4-4B63-A04A-4E47ECEB6B31}.Release|Any CPU.Build.0 = Release|Any CPU
		{75623B4F-F838-41E5-8A5C-21FCBA9503DE}.Debug|Any CPU.ActiveCfg = Debug|Any CPU
		{75623B4F-F838-41E5-8A5C-21FCBA9503DE}.Debug|Any CPU.Build.0 = Debug|Any CPU
		{75623B4F-F838-41E5-8A5C-21FCBA9503DE}.Release|Any CPU.ActiveCfg = Release|Any CPU
		{75623B4F-F838-41E5-8A5C-21FCBA9503DE}.Release|Any CPU.Build.0 = Release|Any CPU
		{7E85B419-460B-45AA-8E8D-DEC960EBBC4C}.Debug|Any CPU.ActiveCfg = Debug|Any CPU
		{7E85B419-460B-45AA-8E8D-DEC960EBBC4C}.Debug|Any CPU.Build.0 = Debug|Any CPU
		{7E85B419-460B-45AA-8E8D-DEC960EBBC4C}.Release|Any CPU.ActiveCfg = Release|Any CPU
		{7E85B419-460B-45AA-8E8D-DEC960EBBC4C}.Release|Any CPU.Build.0 = Release|Any CPU
		{4CB47B27-3375-4E0F-80D9-9F1297A2DC5F}.Debug|Any CPU.ActiveCfg = Debug|Any CPU
		{4CB47B27-3375-4E0F-80D9-9F1297A2DC5F}.Debug|Any CPU.Build.0 = Debug|Any CPU
		{4CB47B27-3375-4E0F-80D9-9F1297A2DC5F}.Release|Any CPU.ActiveCfg = Release|Any CPU
		{4CB47B27-3375-4E0F-80D9-9F1297A2DC5F}.Release|Any CPU.Build.0 = Release|Any CPU
		{DA650A92-5169-4AD1-B2E7-FDF549D79E9D}.Debug|Any CPU.ActiveCfg = Debug|Any CPU
		{DA650A92-5169-4AD1-B2E7-FDF549D79E9D}.Debug|Any CPU.Build.0 = Debug|Any CPU
		{DA650A92-5169-4AD1-B2E7-FDF549D79E9D}.Release|Any CPU.ActiveCfg = Release|Any CPU
		{DA650A92-5169-4AD1-B2E7-FDF549D79E9D}.Release|Any CPU.Build.0 = Release|Any CPU
		{A397FA8D-9FB1-47EC-AF15-A2E489D10B19}.Debug|Any CPU.ActiveCfg = Debug|Any CPU
		{A397FA8D-9FB1-47EC-AF15-A2E489D10B19}.Debug|Any CPU.Build.0 = Debug|Any CPU
		{A397FA8D-9FB1-47EC-AF15-A2E489D10B19}.Release|Any CPU.ActiveCfg = Release|Any CPU
		{A397FA8D-9FB1-47EC-AF15-A2E489D10B19}.Release|Any CPU.Build.0 = Release|Any CPU
		{B9654B95-249B-4B6C-AB9E-5408E127888A}.Debug|Any CPU.ActiveCfg = Debug|Any CPU
		{B9654B95-249B-4B6C-AB9E-5408E127888A}.Debug|Any CPU.Build.0 = Debug|Any CPU
		{B9654B95-249B-4B6C-AB9E-5408E127888A}.Release|Any CPU.ActiveCfg = Release|Any CPU
		{B9654B95-249B-4B6C-AB9E-5408E127888A}.Release|Any CPU.Build.0 = Release|Any CPU
		{0975A8A4-9BAD-49D3-9EED-0E11E1C98513}.Debug|Any CPU.ActiveCfg = Debug|Any CPU
		{0975A8A4-9BAD-49D3-9EED-0E11E1C98513}.Debug|Any CPU.Build.0 = Debug|Any CPU
		{0975A8A4-9BAD-49D3-9EED-0E11E1C98513}.Release|Any CPU.ActiveCfg = Release|Any CPU
		{0975A8A4-9BAD-49D3-9EED-0E11E1C98513}.Release|Any CPU.Build.0 = Release|Any CPU
	EndGlobalSection
	GlobalSection(SolutionProperties) = preSolution
		HideSolutionNode = FALSE
	EndGlobalSection
	GlobalSection(NestedProjects) = preSolution
		{AE570C0B-34F5-4585-9377-5D46DF4EDECC} = {C5C88748-C3A2-4546-8FFB-B475ACBD1A71}
		{87DDB23C-F28C-4C4D-B87E-4EAE4AAA7F42} = {C5C88748-C3A2-4546-8FFB-B475ACBD1A71}
		{D65EA883-6347-498A-8DEB-E60EB6187A74} = {C5C88748-C3A2-4546-8FFB-B475ACBD1A71}
		{51A7DC24-BA12-47BD-970D-63B86F470F48} = {C5C88748-C3A2-4546-8FFB-B475ACBD1A71}
		{E6B0B7D9-C152-4720-9FD2-2F0192FB572B} = {C5C88748-C3A2-4546-8FFB-B475ACBD1A71}
		{5FDEAEA5-D601-4EB1-BADA-158D373E234B} = {C5C88748-C3A2-4546-8FFB-B475ACBD1A71}
		{4CF19882-32E4-47B9-A6D8-4B7AB653C1B5} = {C5C88748-C3A2-4546-8FFB-B475ACBD1A71}
		{084421E4-2EA7-4F35-98E2-50228D391237} = {C5C88748-C3A2-4546-8FFB-B475ACBD1A71}
		{FC656CF9-8A47-441B-9E78-873F52010B2C} = {C5C88748-C3A2-4546-8FFB-B475ACBD1A71}
		{D39723A8-967F-4526-BFA8-8BDBA9E1E03B} = {C5C88748-C3A2-4546-8FFB-B475ACBD1A71}
		{75623B4F-F838-41E5-8A5C-21FCBA9503DE} = {C5C88748-C3A2-4546-8FFB-B475ACBD1A71}
		{7E85B419-460B-45AA-8E8D-DEC960EBBC4C} = {C5C88748-C3A2-4546-8FFB-B475ACBD1A71}
		{A397FA8D-9FB1-47EC-AF15-A2E489D10B19} = {C5C88748-C3A2-4546-8FFB-B475ACBD1A71}
		{0975A8A4-9BAD-49D3-9EED-0E11E1C98513} = {C5C88748-C3A2-4546-8FFB-B475ACBD1A71}
	EndGlobalSection
	GlobalSection(ExtensibilityGlobals) = postSolution
		SolutionGuid = {446E584A-949E-4799-BFC3-DBB40E1BE1CF}
	EndGlobalSection
EndGlobal
